// !$*UTF8*$!
{
	archiveVersion = 1;
	classes = {
	};
	objectVersion = 56;
	objects = {

/* Begin PBXBuildFile section */
		A3C0D86 /* BridgeProtocol.swift in Sources */ = {isa = PBXBuildFile; fileRef = B3C0D86; };
		A5FC06D /* ITerm2Bridge.swift in Sources */ = {isa = PBXBuildFile; fileRef = B5FC06D; };
		A298FD5 /* BubbleDragStateMachine.swift in Sources */ = {isa = PBXBuildFile; fileRef = B298FD5; };
		A8DC94C /* DockZone.swift in Sources */ = {isa = PBXBuildFile; fileRef = B8DC94C; };
		AF0C8D8 /* HotkeyParser.swift in Sources */ = {isa = PBXBuildFile; fileRef = BF0C8D8; };
		A00CA0B /* BubbleState.swift in Sources */ = {isa = PBXBuildFile; fileRef = B00CA0B; };
		AA05C4E /* HexColor.swift in Sources */ = {isa = PBXBuildFile; fileRef = BA05C4E; };
		AF4A076 /* Workspace.swift in Sources */ = {isa = PBXBuildFile; fileRef = BF4A076; };
		A127B73 /* WorkspaceStore.swift in Sources */ = {isa = PBXBuildFile; fileRef = B127B73; };
		A53D408 /* StyxApp.swift in Sources */ = {isa = PBXBuildFile; fileRef = B53D408; };
		ADAAEDB /* BubbleListView.swift in Sources */ = {isa = PBXBuildFile; fileRef = BDAAEDB; };
		ACE4C00 /* BubbleView.swift in Sources */ = {isa = PBXBuildFile; fileRef = BCE4C00; };
		A09B65A /* FloatingBubblePanel.swift in Sources */ = {isa = PBXBuildFile; fileRef = B09B65A; };
		A911D45 /* QuickAddView.swift in Sources */ = {isa = PBXBuildFile; fileRef = B911D45; };
		ABC4D61 /* SettingsView.swift in Sources */ = {isa = PBXBuildFile; fileRef = BBC4D61; };
		A5EF11C /* SidebarPanel.swift in Sources */ = {isa = PBXBuildFile; fileRef = B5EF11C; };
		A7897C7 /* StyxTests.swift in Sources */ = {isa = PBXBuildFile; fileRef = B7897C7; };
/* End PBXBuildFile section */

/* Begin PBXContainerItemProxy section */
		C10001 = {
			isa = PBXContainerItemProxy;
			containerPortal = P00001;
			proxyType = 1;
			remoteGlobalIDString = T10001;
			remoteInfo = Styx;
		};
/* End PBXContainerItemProxy section */

/* Begin PBXFileReference section */
		B3C0D86 /* BridgeProtocol.swift */ = {isa = PBXFileReference; lastKnownFileType = sourcecode.swift; path = BridgeProtocol.swift; sourceTree = "<group>"; };
		B5FC06D /* ITerm2Bridge.swift */ = {isa = PBXFileReference; lastKnownFileType = sourcecode.swift; path = ITerm2Bridge.swift; sourceTree = "<group>"; };
		B298FD5 /* BubbleDragStateMachine.swift */ = {isa = PBXFileReference; lastKnownFileType = sourcecode.swift; path = BubbleDragStateMachine.swift; sourceTree = "<group>"; };
		B8DC94C /* DockZone.swift */ = {isa = PBXFileReference; lastKnownFileType = sourcecode.swift; path = DockZone.swift; sourceTree = "<group>"; };
		BF0C8D8 /* HotkeyParser.swift */ = {isa = PBXFileReference; lastKnownFileType = sourcecode.swift; path = HotkeyParser.swift; sourceTree = "<group>"; };
		B00CA0B /* BubbleState.swift */ = {isa = PBXFileReference; lastKnownFileType = sourcecode.swift; path = BubbleState.swift; sourceTree = "<group>"; };
		BA05C4E /* HexColor.swift */ = {isa = PBXFileReference; lastKnownFileType = sourcecode.swift; path = HexColor.swift; sourceTree = "<group>"; };
		BF4A076 /* Workspace.swift */ = {isa = PBXFileReference; lastKnownFileType = sourcecode.swift; path = Workspace.swift; sourceTree = "<group>"; };
		B127B73 /* WorkspaceStore.swift */ = {isa = PBXFileReference; lastKnownFileType = sourcecode.swift; path = WorkspaceStore.swift; sourceTree = "<group>"; };
		B53D408 /* StyxApp.swift */ = {isa = PBXFileReference; lastKnownFileType = sourcecode.swift; path = StyxApp.swift; sourceTree = "<group>"; };
		BDAAEDB /* BubbleListView.swift */ = {isa = PBXFileReference; lastKnownFileType = sourcecode.swift; path = BubbleListView.swift; sourceTree = "<group>"; };
		BCE4C00 /* BubbleView.swift */ = {isa = PBXFileReference; lastKnownFileType = sourcecode.swift; path = BubbleView.swift; sourceTree = "<group>"; };
		B09B65A /* FloatingBubblePanel.swift */ = {isa = PBXFileReference; lastKnownFileType = sourcecode.swift; path = FloatingBubblePanel.swift; sourceTree = "<group>"; };
		B911D45 /* QuickAddView.swift */ = {isa = PBXFileReference; lastKnownFileType = sourcecode.swift; path = QuickAddView.swift; sourceTree = "<group>"; };
		BBC4D61 /* SettingsView.swift */ = {isa = PBXFileReference; lastKnownFileType = sourcecode.swift; path = SettingsView.swift; sourceTree = "<group>"; };
		B5EF11C /* SidebarPanel.swift */ = {isa = PBXFileReference; lastKnownFileType = sourcecode.swift; path = SidebarPanel.swift; sourceTree = "<group>"; };
		B7897C7 /* StyxTests.swift */ = {isa = PBXFileReference; lastKnownFileType = sourcecode.swift; path = StyxTests.swift; sourceTree = "<group>"; };
		B90016 /* Info.plist */ = {isa = PBXFileReference; lastKnownFileType = text.plist.xml; path = Info.plist; sourceTree = "<group>"; };
		B90017 /* Styx.entitlements */ = {isa = PBXFileReference; lastKnownFileType = text.plist.entitlements; path = Styx.entitlements; sourceTree = "<group>"; };
		E10001 /* Styx.app */ = {isa = PBXFileReference; explicitFileType = wrapper.application; includeInIndex = 0; path = Styx.app; sourceTree = BUILT_PRODUCTS_DIR; };
		E10002 /* StyxTests.xctest */ = {isa = PBXFileReference; explicitFileType = wrapper.cfbundle; includeInIndex = 0; path = StyxTests.xctest; sourceTree = BUILT_PRODUCTS_DIR; };
/* End PBXFileReference section */

/* Begin PBXFrameworksBuildPhase section */
		F10001 = {isa = PBXFrameworksBuildPhase; buildActionMask = 2147483647; files = (); runOnlyForDeploymentPostprocessing = 0; };
		F10002 = {isa = PBXFrameworksBuildPhase; buildActionMask = 2147483647; files = (); runOnlyForDeploymentPostprocessing = 0; };
/* End PBXFrameworksBuildPhase section */

/* Begin PBXGroup section */
		G00001 = {
			isa = PBXGroup;
			children = (
				G10000 /* Styx */,
				G10500 /* Tests */,
				G90000 /* Products */,
			);
			sourceTree = "<group>";
		};
		G10000 /* Styx */ = {
			isa = PBXGroup;
			children = (
				B53D408 /* StyxApp.swift */,
				B90016 /* Info.plist */,
				B90017 /* Styx.entitlements */,
				GE232CD /* Bridge */,
				G2D4795 /* Drag */,
				G45E6B3 /* Hotkeys */,
				G9CF43B /* Models */,
				GC45458 /* Views */,
			);
			path = Styx;
			sourceTree = "<group>";
		};
		GE232CD /* Bridge */ = {
			isa = PBXGroup;
			children = (
				B3C0D86 /* BridgeProtocol.swift */,
				B5FC06D /* ITerm2Bridge.swift */,
			);
			path = Bridge;
			sourceTree = "<group>";
		};
		G2D4795 /* Drag */ = {
			isa = PBXGroup;
			children = (
				B298FD5 /* BubbleDragStateMachine.swift */,
				B8DC94C /* DockZone.swift */,
			);
			path = Drag;
			sourceTree = "<group>";
		};
		G45E6B3 /* Hotkeys */ = {
			isa = PBXGroup;
			children = (
				BF0C8D8 /* HotkeyParser.swift */,
			);
			path = Hotkeys;
			sourceTree = "<group>";
		};
		G9CF43B /* Models */ = {
			isa = PBXGroup;
			children = (
				B00CA0B /* BubbleState.swift */,
				BA05C4E /* HexColor.swift */,
				BF4A076 /* Workspace.swift */,
				B127B73 /* WorkspaceStore.swift */,
			);
			path = Models;
			sourceTree = "<group>";
		};
		GC45458 /* Views */ = {
			isa = PBXGroup;
			children = (
				BDAAEDB /* BubbleListView.swift */,
				BCE4C00 /* BubbleView.swift */,
				B09B65A /* FloatingBubblePanel.swift */,
				B911D45 /* QuickAddView.swift */,
				BBC4D61 /* SettingsView.swift */,
				B5EF11C /* SidebarPanel.swift */,
			);
			path = Views;
			sourceTree = "<group>";
		};
		G10500 /* Tests */ = {
			isa = PBXGroup;
			children = (
				B7897C7 /* StyxTests.swift */,
			);
			path = Tests;
			sourceTree = "<group>";
		};
		G90000 /* Products */ = {
			isa = PBXGroup;
			children = (E10001, E10002);
			name = Products;
			sourceTree = "<group>";
		};
/* End PBXGroup section */

/* Begin PBXNativeTarget section */
		T10001 /* Styx */ = {
			isa = PBXNativeTarget;
			buildConfigurationList = X20001;
			buildPhases = (S10001, F10001, R10001);
			buildRules = ();
			dependencies = ();
			name = Styx;
			productName = Styx;
			productReference = E10001;
			productType = "com.apple.product-type.application";
		};
		T10002 /* StyxTests */ = {
			isa = PBXNativeTarget;
			buildConfigurationList = X20002;
			buildPhases = (S10002, F10002);
			buildRules = ();
			dependencies = (D10001);
			name = StyxTests;
			productName = StyxTests;
			productReference = E10002;
			productType = "com.apple.product-type.bundle.unit-test";
		};
/* End PBXNativeTarget section */

/* Begin PBXProject section */
		P00001 = {
			isa = PBXProject;
			attributes = {
				BuildIndependentTargetsInParallel = 1;
				LastSwiftUpdateCheck = 1540;
				LastUpgradeCheck = 1540;
				TargetAttributes = {
					T10001 = { CreatedOnToolsVersion = 15.4; };
					T10002 = { CreatedOnToolsVersion = 15.4; TestTargetID = T10001; };
				};
			};
			buildConfigurationList = X10001;
			compatibilityVersion = "Xcode 14.0";
			developmentRegion = en;
			hasScannedForEncodings = 0;
			knownRegions = (en, Base);
			mainGroup = G00001;
			productRefGroup = G90000;
			projectDirPath = "";
			projectRoot = "";
			targets = (T10001, T10002);
		};
/* End PBXProject section */

/* Begin PBXResourcesBuildPhase section */
		R10001 = {isa = PBXResourcesBuildPhase; buildActionMask = 2147483647; files = (); runOnlyForDeploymentPostprocessing = 0; };
/* End PBXResourcesBuildPhase section */

/* Begin PBXSourcesBuildPhase section */
		S10001 /* Sources */ = {
			isa = PBXSourcesBuildPhase;
			buildActionMask = 2147483647;
			files = (
				A3C0D86 /* BridgeProtocol.swift in Sources */,
				A5FC06D /* ITerm2Bridge.swift in Sources */,
				A298FD5 /* BubbleDragStateMachine.swift in Sources */,
				A8DC94C /* DockZone.swift in Sources */,
				AF0C8D8 /* HotkeyParser.swift in Sources */,
				A00CA0B /* BubbleState.swift in Sources */,
				AA05C4E /* HexColor.swift in Sources */,
				AF4A076 /* Workspace.swift in Sources */,
				A127B73 /* WorkspaceStore.swift in Sources */,
				A53D408 /* StyxApp.swift in Sources */,
				ADAAEDB /* BubbleListView.swift in Sources */,
				ACE4C00 /* BubbleView.swift in Sources */,
				A09B65A /* FloatingBubblePanel.swift in Sources */,
				A911D45 /* QuickAddView.swift in Sources */,
				ABC4D61 /* SettingsView.swift in Sources */,
				A5EF11C /* SidebarPanel.swift in Sources */,
			);
			runOnlyForDeploymentPostprocessing = 0;
		};
		S10002 /* Sources */ = {
			isa = PBXSourcesBuildPhase;
			buildActionMask = 2147483647;
			files = (
				A7897C7 /* StyxTests.swift in Sources */,
			);
			runOnlyForDeploymentPostprocessing = 0;
		};
/* End PBXSourcesBuildPhase section */

/* Begin PBXTargetDependency section */
		D10001 = {isa = PBXTargetDependency; target = T10001; targetProxy = C10001; };
/* End PBXTargetDependency section */

/* Begin XCBuildConfiguration section */
		X11001 /* Debug */ = { isa = XCBuildConfiguration; buildSettings = { ALWAYS_SEARCH_USER_PATHS = NO; CLANG_ANALYZER_NONNULL = YES; CLANG_CXX_LANGUAGE_STANDARD = "gnu++20"; CLANG_ENABLE_MODULES = YES; CLANG_ENABLE_OBJC_ARC = YES; COPY_PHASE_STRIP = NO; DEBUG_INFORMATION_FORMAT = dwarf; ENABLE_STRICT_OBJC_MSGSEND = YES; ENABLE_TESTABILITY = YES; GCC_DYNAMIC_NO_PIC = NO; GCC_OPTIMIZATION_LEVEL = 0; GCC_PREPROCESSOR_DEFINITIONS = ("DEBUG=1", "$(inherited)"); MACOSX_DEPLOYMENT_TARGET = 14.0; MTL_ENABLE_DEBUG_INFO = INCLUDE_SOURCE; ONLY_ACTIVE_ARCH = YES; SDKROOT = macosx; SWIFT_ACTIVE_COMPILATION_CONDITIONS = "$(inherited) DEBUG"; SWIFT_OPTIMIZATION_LEVEL = "-Onone"; }; name = Debug; };
		X11002 /* Release */ = { isa = XCBuildConfiguration; buildSettings = { ALWAYS_SEARCH_USER_PATHS = NO; CLANG_ANALYZER_NONNULL = YES; CLANG_CXX_LANGUAGE_STANDARD = "gnu++20"; CLANG_ENABLE_MODULES = YES; CLANG_ENABLE_OBJC_ARC = YES; COPY_PHASE_STRIP = NO; DEBUG_INFORMATION_FORMAT = "dwarf-with-dsym"; ENABLE_NS_ASSERTIONS = NO; ENABLE_STRICT_OBJC_MSGSEND = YES; MACOSX_DEPLOYMENT_TARGET = 14.0; SDKROOT = macosx; SWIFT_COMPILATION_MODE = wholemodule; }; name = Release; };
		X21001 /* Debug */ = { isa = XCBuildConfiguration; buildSettings = { CODE_SIGN_ENTITLEMENTS = Styx/Styx.entitlements; CODE_SIGN_STYLE = Automatic; COMBINE_HIDPI_IMAGES = YES; CURRENT_PROJECT_VERSION = 1; GENERATE_INFOPLIST_FILE = YES; INFOPLIST_FILE = Styx/Info.plist; INFOPLIST_KEY_LSUIElement = YES; LD_RUNPATH_SEARCH_PATHS = ("$(inherited)", "@executable_path/../Frameworks"); MARKETING_VERSION = 0.1.0; PRODUCT_BUNDLE_IDENTIFIER = com.styx.app; PRODUCT_NAME = "$(TARGET_NAME)"; SWIFT_EMIT_LOC_STRINGS = YES; SWIFT_VERSION = 5.0; }; name = Debug; };
		X21002 /* Release */ = { isa = XCBuildConfiguration; buildSettings = { CODE_SIGN_ENTITLEMENTS = Styx/Styx.entitlements; CODE_SIGN_STYLE = Automatic; COMBINE_HIDPI_IMAGES = YES; CURRENT_PROJECT_VERSION = 1; GENERATE_INFOPLIST_FILE = YES; INFOPLIST_FILE = Styx/Info.plist; INFOPLIST_KEY_LSUIElement = YES; LD_RUNPATH_SEARCH_PATHS = ("$(inherited)", "@executable_path/../Frameworks"); MARKETING_VERSION = 0.1.0; PRODUCT_BUNDLE_IDENTIFIER = com.styx.app; PRODUCT_NAME = "$(TARGET_NAME)"; SWIFT_EMIT_LOC_STRINGS = YES; SWIFT_VERSION = 5.0; }; name = Release; };
		X22001 /* Debug */ = { isa = XCBuildConfiguration; buildSettings = { BUNDLE_LOADER = "$(TEST_HOST)"; CODE_SIGN_STYLE = Automatic; CURRENT_PROJECT_VERSION = 1; GENERATE_INFOPLIST_FILE = YES; MARKETING_VERSION = 0.1.0; PRODUCT_BUNDLE_IDENTIFIER = com.styx.tests; PRODUCT_NAME = "$(TARGET_NAME)"; SWIFT_EMIT_LOC_STRINGS = NO; SWIFT_VERSION = 5.0; TEST_HOST = "$(BUILT_PRODUCTS_DIR)/Styx.app/Contents/MacOS/Styx"; }; name = Debug; };
		X22002 /* Release */ = { isa = XCBuildConfiguration; buildSettings = { BUNDLE_LOADER = "$(TEST_HOST)"; CODE_SIGN_STYLE = Automatic; CURRENT_PROJECT_VERSION = 1; GENERATE_INFOPLIST_FILE = YES; MARKETING_VERSION = 0.1.0; PRODUCT_BUNDLE_IDENTIFIER = com.styx.tests; PRODUCT_NAME = "$(TARGET_NAME)"; SWIFT_EMIT_LOC_STRINGS = NO; SWIFT_VERSION = 5.0; TEST_HOST = "$(BUILT_PRODUCTS_DIR)/Styx.app/Contents/MacOS/Styx"; }; name = Release; };
/* End XCBuildConfiguration section */

/* Begin XCConfigurationList section */
		X10001 = { isa = XCConfigurationList; buildConfigurations = (X11001, X11002); defaultConfigurationIsVisible = 0; defaultConfigurationName = Release; };
		X20001 = { isa = XCConfigurationList; buildConfigurations = (X21001, X21002); defaultConfigurationIsVisible = 0; defaultConfigurationName = Release; };
		X20002 = { isa = XCConfigurationList; buildConfigurations = (X22001, X22002); defaultConfigurationIsVisible = 0; defaultConfigurationName = Release; };
/* End XCConfigurationList section */

	};
	rootObject = P00001;
}
